
Microsoft Visual Studio Solution File, Format Version 12.00
# Visual Studio Version 17
VisualStudioVersion = 17.5.33627.172
MinimumVisualStudioVersion = 10.0.40219.1
Project("{9A19103F-16F7-4668-BE54-9A1E7A4F7556}") = "STEM24", "STEM24\STEM24.csproj", "{5B0BFB87-C92C-4F2F-872C-A1C9BB9174AF}"
EndProject
Project("{9A19103F-16F7-4668-BE54-9A1E7A4F7556}") = "STEM24.Model", "STEM24.Model\STEM24.Model.csproj", "{16DA656F-6544-4845-BBB4-657AFB488581}"
EndProject
Project("{9A19103F-16F7-4668-BE54-9A1E7A4F7556}") = "STEM24.Service", "STEM24.Service\STEM24.Service.csproj", "{5F401E2A-39FE-4360-8A4D-789E296DC9D0}"
EndProject
Project("{FAE04EC0-301F-11D3-BF4B-00C04F79EFBC}") = "STEM24.Repository", "STEM24.Repository\STEM24.Repository.csproj", "{828B8710-88A0-438A-87E3-10F6B70ED647}"
EndProject
Project("{FAE04EC0-301F-11D3-BF4B-00C04F79EFBC}") = "STEM24.Abstractions", "STEM24.Abstractions\STEM24.Abstractions.csproj", "{163C9744-D6DF-4D1B-BE24-682A26918A6D}"
EndProject
Global
	GlobalSection(SolutionConfigurationPlatforms) = preSolution
		Debug|Any CPU = Debug|Any CPU
		Release|Any CPU = Release|Any CPU
	EndGlobalSection
	GlobalSection(ProjectConfigurationPlatforms) = postSolution
		{5B0BFB87-C92C-4F2F-872C-A1C9BB9174AF}.Debug|Any CPU.ActiveCfg = Debug|Any CPU
		{5B0BFB87-C92C-4F2F-872C-A1C9BB9174AF}.Debug|Any CPU.Build.0 = Debug|Any CPU
		{5B0BFB87-C92C-4F2F-872C-A1C9BB9174AF}.Release|Any CPU.ActiveCfg = Release|Any CPU
		{5B0BFB87-C92C-4F2F-872C-A1C9BB9174AF}.Release|Any CPU.Build.0 = Release|Any CPU
		{16DA656F-6544-4845-BBB4-657AFB488581}.Debug|Any CPU.ActiveCfg = Debug|Any CPU
		{16DA656F-6544-4845-BBB4-657AFB488581}.Debug|Any CPU.Build.0 = Debug|Any CPU
		{16DA656F-6544-4845-BBB4-657AFB488581}.Release|Any CPU.ActiveCfg = Release|Any CPU
		{16DA656F-6544-4845-BBB4-657AFB488581}.Release|Any CPU.Build.0 = Release|Any CPU
		{5F401E2A-39FE-4360-8A4D-789E296DC9D0}.Debug|Any CPU.ActiveCfg = Debug|Any CPU
		{5F401E2A-39FE-4360-8A4D-789E296DC9D0}.Debug|Any CPU.Build.0 = Debug|Any CPU
		{5F401E2A-39FE-4360-8A4D-789E296DC9D0}.Release|Any CPU.ActiveCfg = Release|Any CPU
		{5F401E2A-39FE-4360-8A4D-789E296DC9D0}.Release|Any CPU.Build.0 = Release|Any CPU
		{828B8710-88A0-438A-87E3-10F6B70ED647}.Debug|Any CPU.ActiveCfg = Debug|Any CPU
		{828B8710-88A0-438A-87E3-10F6B70ED647}.Debug|Any CPU.Build.0 = Debug|Any CPU
		{828B8710-88A0-438A-87E3-10F6B70ED647}.Release|Any CPU.ActiveCfg = Release|Any CPU
		{828B8710-88A0-438A-87E3-10F6B70ED647}.Release|Any CPU.Build.0 = Release|Any CPU
		{163C9744-D6DF-4D1B-BE24-682A26918A6D}.Debug|Any CPU.ActiveCfg = Debug|Any CPU
		{163C9744-D6DF-4D1B-BE24-682A26918A6D}.Debug|Any CPU.Build.0 = Debug|Any CPU
		{163C9744-D6DF-4D1B-BE24-682A26918A6D}.Release|Any CPU.ActiveCfg = Release|Any CPU
		{163C9744-D6DF-4D1B-BE24-682A26918A6D}.Release|Any CPU.Build.0 = Release|Any CPU
	EndGlobalSection
	GlobalSection(SolutionProperties) = preSolution
		HideSolutionNode = FALSE
	EndGlobalSection
	GlobalSection(ExtensibilityGlobals) = postSolution
		SolutionGuid = {90220A43-7676-47C4-9CCC-6A35BE9D30C9}
	EndGlobalSection
EndGlobal
